<?xml version="1.0" encoding="utf-8"?>
<Project ToolsVersion="4.0" xmlns="http://schemas.microsoft.com/developer/msbuild/2003">
  <ItemGroup>
    <Filter Include="소스 파일">
      <UniqueIdentifier>{4FC737F1-C7A5-4376-A066-2A32D752A2FF}</UniqueIdentifier>
      <Extensions>cpp;c;cc;cxx;c++;cppm;ixx;def;odl;idl;hpj;bat;asm;asmx</Extensions>
    </Filter>
    <Filter Include="헤더 파일">
      <UniqueIdentifier>{93995380-89BD-4b04-88EB-625FBE52EBFB}</UniqueIdentifier>
      <Extensions>h;hh;hpp;hxx;h++;hm;inl;inc;ipp;xsd</Extensions>
    </Filter>
    <Filter Include="리소스 파일">
      <UniqueIdentifier>{67DA6AB6-F800-4c08-8B7A-83BB121AAD01}</UniqueIdentifier>
      <Extensions>rc;ico;cur;bmp;dlg;rc2;rct;bin;rgs;gif;jpg;jpeg;jpe;resx;tiff;tif;png;wav;mfcribbon-ms</Extensions>
    </Filter>
    <Filter Include="소스 파일\Object">
      <UniqueIdentifier>{b57e4863-c3ef-4d7e-8278-01c77b6f93f9}</UniqueIdentifier>
    </Filter>
    <Filter Include="소스 파일\Core">
      <UniqueIdentifier>{c7bf316c-d16b-4817-a8e3-c1a74bfd9a2a}</UniqueIdentifier>
    </Filter>
    <Filter Include="소스 파일\AStar">
      <UniqueIdentifier>{3cfbd289-d144-46d1-a188-b56587fb6c69}</UniqueIdentifier>
    </Filter>
    <Filter Include="헤더 파일\AStar">
      <UniqueIdentifier>{5d8a33da-acdf-4545-abc5-687c91543ec5}</UniqueIdentifier>
    </Filter>
    <Filter Include="헤더 파일\Core">
      <UniqueIdentifier>{2db03b48-3265-4587-8b28-2a3d3f96c480}</UniqueIdentifier>
    </Filter>
    <Filter Include="헤더 파일\Object">
      <UniqueIdentifier>{d89cfb1b-a1a0-46c5-a781-05f0c0a828fd}</UniqueIdentifier>
    </Filter>
    <Filter Include="소스 파일\Map">
      <UniqueIdentifier>{b0d5a578-f97f-4f10-b1df-a5ac4c4fd9dd}</UniqueIdentifier>
    </Filter>
    <Filter Include="소스 파일\Title">
      <UniqueIdentifier>{b693529d-1502-4b3c-97e2-3eec9103c02a}</UniqueIdentifier>
    </Filter>
    <Filter Include="헤더 파일\Map">
      <UniqueIdentifier>{e945d321-bea6-436f-be08-6e4816f8d69d}</UniqueIdentifier>
    </Filter>
    <Filter Include="헤더 파일\Title">
      <UniqueIdentifier>{55033395-8a4b-4e8b-9c81-33b986371bdf}</UniqueIdentifier>
    </Filter>
    <Filter Include="소스 파일\Timer">
      <UniqueIdentifier>{7ed86a35-5539-4033-ad15-d5a2477967e9}</UniqueIdentifier>
    </Filter>
    <Filter Include="헤더 파일\Timer">
      <UniqueIdentifier>{e4f16a4a-7495-40af-9a33-dabd93f95a2c}</UniqueIdentifier>
    </Filter>
  </ItemGroup>
  <ItemGroup>
    <ClInclude Include="define.h">
      <Filter>헤더 파일</Filter>
    </ClInclude>
    <ClInclude Include="Enemy.h">
      <Filter>헤더 파일\Object</Filter>
    </ClInclude>
    <ClInclude Include="Player.h">
      <Filter>헤더 파일\Object</Filter>
    </ClInclude>
    <ClInclude Include="Pos.h">
      <Filter>헤더 파일</Filter>
    </ClInclude>
    <ClInclude Include="SortingLayer.h">
      <Filter>헤더 파일</Filter>
    </ClInclude>
    <ClInclude Include="MapManager.h">
      <Filter>헤더 파일\Map</Filter>
    </ClInclude>
    <ClInclude Include="Title.h">
      <Filter>헤더 파일\Title</Filter>
    </ClInclude>
    <ClInclude Include="Timer.h">
      <Filter>헤더 파일\Timer</Filter>
    </ClInclude>
    <ClInclude Include="console.h">
      <Filter>헤더 파일\Core</Filter>
    </ClInclude>
    <ClInclude Include="Core.h">
      <Filter>헤더 파일\Core</Filter>
    </ClInclude>
    <ClInclude Include="LayerMask.h">
      <Filter>헤더 파일\Core</Filter>
    </ClInclude>
    <ClInclude Include="mci.h">
      <Filter>헤더 파일\Core</Filter>
    </ClInclude>
    <ClInclude Include="AStarGrid.h">
      <Filter>헤더 파일\AStar</Filter>
    </ClInclude>
    <ClInclude Include="AStarNode.h">
      <Filter>헤더 파일\AStar</Filter>
    </ClInclude>
    <ClInclude Include="AStarPathFinder.h">
      <Filter>헤더 파일\AStar</Filter>
    </ClInclude>
    <ClInclude Include="Object.h">
      <Filter>헤더 파일\Object</Filter>
    </ClInclude>
  </ItemGroup>
  <ItemGroup>
    <ClCompile Include="console.cpp">
      <Filter>소스 파일\Core</Filter>
    </ClCompile>
    <ClCompile Include="Core.cpp">
      <Filter>소스 파일\Core</Filter>
    </ClCompile>
    <ClCompile Include="LayerMask.cpp">
      <Filter>소스 파일\Core</Filter>
    </ClCompile>
    <ClCompile Include="mci.cpp">
      <Filter>소스 파일\Core</Filter>
    </ClCompile>
    <ClCompile Include="AStarGrid.cpp">
      <Filter>소스 파일\AStar</Filter>
    </ClCompile>
    <ClCompile Include="AStarNode.cpp">
      <Filter>소스 파일\AStar</Filter>
    </ClCompile>
    <ClCompile Include="AStarPathFinder.cpp">
      <Filter>소스 파일\AStar</Filter>
    </ClCompile>
    <ClCompile Include="Enemy.cpp">
      <Filter>소스 파일\Object</Filter>
    </ClCompile>
    <ClCompile Include="Object.cpp">
      <Filter>소스 파일\Object</Filter>
    </ClCompile>
    <ClCompile Include="Player.cpp">
      <Filter>소스 파일\Object</Filter>
    </ClCompile>
    <ClCompile Include="main.cpp">
      <Filter>소스 파일\Core</Filter>
    </ClCompile>
    <ClCompile Include="MapManager.cpp">
      <Filter>소스 파일\Map</Filter>
    </ClCompile>
    <ClCompile Include="Pos.cpp">
      <Filter>소스 파일</Filter>
    </ClCompile>
    <ClCompile Include="SortingLayer.cpp">
      <Filter>소스 파일</Filter>
    </ClCompile>
    <ClCompile Include="Title.cpp">
      <Filter>소스 파일\Title</Filter>
    </ClCompile>
    <ClCompile Include="Timer.cpp">
      <Filter>소스 파일\Timer</Filter>
    </ClCompile>
  </ItemGroup>
</Project>